<?xml version="1.0" encoding="UTF-8" standalone="yes" ?>
<CodeBlocks_project_file>
	<FileVersion major="1" minor="6" />
	<Project>
		<Option title="DerpyDelivery" />
		<Option pch_mode="2" />
		<Option compiler="gnu_gcc_compiler_w_dw2_unwinding" />
		<Build>
			<Target title="Release">
				<Option output="bin\Release\DerpyDelivery" prefix_auto="1" extension_auto="1" />
				<Option object_output="obj\Release\" />
				<Option type="1" />
				<Option compiler="gcc" />
				<Compiler>
					<Add option="-fomit-frame-pointer" />
					<Add option="-O2" />
					<Add option="-Winit-self" />
					<Add option="-Wredundant-decls" />
					<Add option="-Wcast-align" />
					<Add option="-Wundef" />
					<Add option="-Wfloat-equal" />
					<Add option="-Wunreachable-code" />
					<Add option="-Wmissing-declarations" />
					<Add option="-Wmissing-include-dirs" />
					<Add option="-Wswitch-enum" />
					<Add option="-Wswitch-default" />
					<Add option="-Wmain" />
					<Add option="-std=c++11" />
					<Add option="-DSFML_STATIC" />
					<Add directory="$(#SFML)\include" />
					<Add directory=".\include" />
				</Compiler>
				<ResourceCompiler>
					<Add directory="$(#sfml)\include" />
				</ResourceCompiler>
				<Linker>
					<Add option="-s" />
					<Add option="-static-libgcc" />
					<Add option="-static-libstdc++" />
					<Add library="sfml-network-s" />
					<Add library="sfml-audio-s" />
					<Add library="sfml-graphics-s" />
					<Add library="sfml-window-s" />
					<Add library="sfml-system-s" />
					<Add directory="$(#sfml)\build\lib" />
				</Linker>
			</Target>
		</Build>
		<Compiler>
			<Add option="-Wall" />
		</Compiler>
		<Unit filename=".gitignore" />
		<Unit filename="README.md" />
		<Unit filename="include\Animation.hpp" />
		<Unit filename="include\Game.hpp" />
		<Unit filename="include\Global.hpp" />
		<Unit filename="include\Input.hpp" />
		<Unit filename="include\Level.hpp" />
		<Unit filename="include\Menu.hpp" />
		<Unit filename="include\Menu\Button.hpp" />
		<Unit filename="include\Menu\ControlBase.hpp" />
		<Unit filename="include\Menu\Image.hpp" />
		<Unit filename="include\Menu\Label.hpp" />
		<Unit filename="include\Object.hpp" />
		<Unit filename="include\ResourceManager.hpp" />
		<Unit filename="include\Scene.hpp" />
		<Unit filename="include\Settings.hpp" />
		<Unit filename="src\Animation.cpp" />
		<Unit filename="src\Game.cpp" />
		<Unit filename="src\Global.cpp" />
		<Unit filename="src\Input.cpp" />
		<Unit filename="src\Level.cpp" />
		<Unit filename="src\Menu.cpp" />
		<Unit filename="src\Menu\Button.cpp" />
		<Unit filename="src\Menu\ControlBase.cpp" />
		<Unit filename="src\Menu\Image.cpp" />
		<Unit filename="src\Menu\Label.cpp" />
		<Unit filename="src\Object.cpp" />
		<Unit filename="src\ResourceManager.cpp" />
		<Unit filename="src\Scene.cpp" />
		<Unit filename="src\Settings.cpp" />
		<Unit filename="src\main.cpp" />
		<Extensions>
			<code_completion />
			<debugger />
		</Extensions>
	</Project>
</CodeBlocks_project_file>
